// !$*UTF8*$!
{
	archiveVersion = 1;
	classes = {
	};
	objectVersion = 50;
	objects = {

/* Begin PBXBuildFile section */
		C70033E022A8E3B000811E29 /* BlockData.swift in Sources */ = {isa = PBXBuildFile; fileRef = C70033DF22A8E3B000811E29 /* BlockData.swift */; };
		C70033E422A9B1F200811E29 /* Contract.swift in Sources */ = {isa = PBXBuildFile; fileRef = C70033E322A9B1F200811E29 /* Contract.swift */; };
		C70033E622A9B21500811E29 /* ContractMetadata.swift in Sources */ = {isa = PBXBuildFile; fileRef = C70033E522A9B21500811E29 /* ContractMetadata.swift */; };
		C70033E822A9BD9F00811E29 /* Transaction.swift in Sources */ = {isa = PBXBuildFile; fileRef = C7653CDB229F2A3B00777D13 /* Transaction.swift */; };
		C70033E922A9BDA100811E29 /* Transaction+validation.swift in Sources */ = {isa = PBXBuildFile; fileRef = C7653CE1229F6BD700777D13 /* Transaction+validation.swift */; };
		C70033EB22A9CF9B00811E29 /* Recipient.swift in Sources */ = {isa = PBXBuildFile; fileRef = C70033EA22A9CF9B00811E29 /* Recipient.swift */; };
		C70033ED22A9D53E00811E29 /* TransactionProof.swift in Sources */ = {isa = PBXBuildFile; fileRef = C70033EC22A9D53E00811E29 /* TransactionProof.swift */; };
		C70033EF22A9DBA600811E29 /* Key.swift in Sources */ = {isa = PBXBuildFile; fileRef = C70033EE22A9DBA600811E29 /* Key.swift */; };
		C70033F122A9EBAB00811E29 /* BlockData+Query.swift in Sources */ = {isa = PBXBuildFile; fileRef = C70033F022A9EBAB00811E29 /* BlockData+Query.swift */; };
		C70033F322AA360D00811E29 /* Block+Validation.swift in Sources */ = {isa = PBXBuildFile; fileRef = C70033F222AA360D00811E29 /* Block+Validation.swift */; };
		C70033F522AA3EDF00811E29 /* ConvenienceFunctions.swift in Sources */ = {isa = PBXBuildFile; fileRef = C70033F422AA3EDF00811E29 /* ConvenienceFunctions.swift */; };
		C70033F622AA3F2200811E29 /* KeyTests.swift in Sources */ = {isa = PBXBuildFile; fileRef = C7653CC9229DEFD500777D13 /* KeyTests.swift */; };
		C705D4E322AA426E003C0EAD /* TransactionTests.swift in Sources */ = {isa = PBXBuildFile; fileRef = C705D4E222AA426E003C0EAD /* TransactionTests.swift */; };
		C7653C98229C809900777D13 /* AppDelegate.swift in Sources */ = {isa = PBXBuildFile; fileRef = C7653C97229C809900777D13 /* AppDelegate.swift */; };
		C7653C9A229C809900777D13 /* ViewController.swift in Sources */ = {isa = PBXBuildFile; fileRef = C7653C99229C809900777D13 /* ViewController.swift */; };
		C7653C9C229C809C00777D13 /* Assets.xcassets in Resources */ = {isa = PBXBuildFile; fileRef = C7653C9B229C809C00777D13 /* Assets.xcassets */; };
		C7653C9F229C809C00777D13 /* Main.storyboard in Resources */ = {isa = PBXBuildFile; fileRef = C7653C9D229C809C00777D13 /* Main.storyboard */; };
		C7653CAB229C809D00777D13 /* ZKProofOfConceptTests.swift in Sources */ = {isa = PBXBuildFile; fileRef = C7653CAA229C809D00777D13 /* ZKProofOfConceptTests.swift */; };
		C7653CBA229C8D6000777D13 /* SHA256.swift in Sources */ = {isa = PBXBuildFile; fileRef = C7653CB9229C8D6000777D13 /* SHA256.swift */; };
		C7653CBC229CA0DD00777D13 /* Block.swift in Sources */ = {isa = PBXBuildFile; fileRef = C7653CBB229CA0DD00777D13 /* Block.swift */; };
		C7653CBF229CA10E00777D13 /* Typealias.swift in Sources */ = {isa = PBXBuildFile; fileRef = C7653CBE229CA10E00777D13 /* Typealias.swift */; };
		C7653CC4229CB86900777D13 /* Pedersen.swift in Sources */ = {isa = PBXBuildFile; fileRef = C7653CC3229CB86900777D13 /* Pedersen.swift */; };
		C7653CC6229DDD3D00777D13 /* Merkletree.swift in Sources */ = {isa = PBXBuildFile; fileRef = C7653CC5229DDD3D00777D13 /* Merkletree.swift */; };
		C7653CC8229DEFB800777D13 /* Sha256Tests.swift in Sources */ = {isa = PBXBuildFile; fileRef = C7653CC7229DEFB800777D13 /* Sha256Tests.swift */; };
		C7653CD0229DF0C800777D13 /* Data.swift in Sources */ = {isa = PBXBuildFile; fileRef = C7653CCC229DF09E00777D13 /* Data.swift */; };
		C7653CD1229DF0CA00777D13 /* Uint64.swift in Sources */ = {isa = PBXBuildFile; fileRef = C7653CCE229DF0BA00777D13 /* Uint64.swift */; };
		C7653CD4229DF0FB00777D13 /* String.swift in Sources */ = {isa = PBXBuildFile; fileRef = C7653CD2229DF0DB00777D13 /* String.swift */; };
		C7653CD6229DF30B00777D13 /* MerkletreeTests.swift in Sources */ = {isa = PBXBuildFile; fileRef = C7653CD5229DF30B00777D13 /* MerkletreeTests.swift */; };
		C7653CDA229F2A2B00777D13 /* Entry.swift in Sources */ = {isa = PBXBuildFile; fileRef = C7653CD8229F2A2900777D13 /* Entry.swift */; };
		C7653CDE229F2A6800777D13 /* Predicate.swift in Sources */ = {isa = PBXBuildFile; fileRef = C7653CDD229F2A6800777D13 /* Predicate.swift */; };
		C7653CE0229F5C3600777D13 /* ZKError.swift in Sources */ = {isa = PBXBuildFile; fileRef = C7653CDF229F5C3600777D13 /* ZKError.swift */; };
		C7653CE4229F6DB300777D13 /* ZKProof.swift in Sources */ = {isa = PBXBuildFile; fileRef = C7653CE3229F6DB300777D13 /* ZKProof.swift */; };
/* End PBXBuildFile section */

/* Begin PBXContainerItemProxy section */
		C7653CA7229C809D00777D13 /* PBXContainerItemProxy */ = {
			isa = PBXContainerItemProxy;
			containerPortal = C7653C8C229C809900777D13 /* Project object */;
			proxyType = 1;
			remoteGlobalIDString = C7653C93229C809900777D13;
			remoteInfo = ZKProofOfConcept;
		};
/* End PBXContainerItemProxy section */

/* Begin PBXFileReference section */
		C70033DF22A8E3B000811E29 /* BlockData.swift */ = {isa = PBXFileReference; lastKnownFileType = sourcecode.swift; path = BlockData.swift; sourceTree = "<group>"; };
		C70033E322A9B1F200811E29 /* Contract.swift */ = {isa = PBXFileReference; lastKnownFileType = sourcecode.swift; path = Contract.swift; sourceTree = "<group>"; };
		C70033E522A9B21500811E29 /* ContractMetadata.swift */ = {isa = PBXFileReference; lastKnownFileType = sourcecode.swift; path = ContractMetadata.swift; sourceTree = "<group>"; };
		C70033EA22A9CF9B00811E29 /* Recipient.swift */ = {isa = PBXFileReference; lastKnownFileType = sourcecode.swift; path = Recipient.swift; sourceTree = "<group>"; };
		C70033EC22A9D53E00811E29 /* TransactionProof.swift */ = {isa = PBXFileReference; lastKnownFileType = sourcecode.swift; path = TransactionProof.swift; sourceTree = "<group>"; };
		C70033EE22A9DBA600811E29 /* Key.swift */ = {isa = PBXFileReference; lastKnownFileType = sourcecode.swift; path = Key.swift; sourceTree = "<group>"; };
		C70033F022A9EBAB00811E29 /* BlockData+Query.swift */ = {isa = PBXFileReference; lastKnownFileType = sourcecode.swift; path = "BlockData+Query.swift"; sourceTree = "<group>"; };
		C70033F222AA360D00811E29 /* Block+Validation.swift */ = {isa = PBXFileReference; lastKnownFileType = sourcecode.swift; path = "Block+Validation.swift"; sourceTree = "<group>"; };
		C70033F422AA3EDF00811E29 /* ConvenienceFunctions.swift */ = {isa = PBXFileReference; lastKnownFileType = sourcecode.swift; path = ConvenienceFunctions.swift; sourceTree = "<group>"; };
		C705D4E022AA4260003C0EAD /* BlockTests.swift */ = {isa = PBXFileReference; lastKnownFileType = sourcecode.swift; path = BlockTests.swift; sourceTree = "<group>"; };
		C705D4E222AA426E003C0EAD /* TransactionTests.swift */ = {isa = PBXFileReference; lastKnownFileType = sourcecode.swift; path = TransactionTests.swift; sourceTree = "<group>"; };
		C7653C94229C809900777D13 /* ZKProofOfConcept.app */ = {isa = PBXFileReference; explicitFileType = wrapper.application; includeInIndex = 0; path = ZKProofOfConcept.app; sourceTree = BUILT_PRODUCTS_DIR; };
		C7653C97229C809900777D13 /* AppDelegate.swift */ = {isa = PBXFileReference; lastKnownFileType = sourcecode.swift; path = AppDelegate.swift; sourceTree = "<group>"; };
		C7653C99229C809900777D13 /* ViewController.swift */ = {isa = PBXFileReference; lastKnownFileType = sourcecode.swift; path = ViewController.swift; sourceTree = "<group>"; };
		C7653C9B229C809C00777D13 /* Assets.xcassets */ = {isa = PBXFileReference; lastKnownFileType = folder.assetcatalog; path = Assets.xcassets; sourceTree = "<group>"; };
		C7653C9E229C809C00777D13 /* Base */ = {isa = PBXFileReference; lastKnownFileType = file.storyboard; name = Base; path = Base.lproj/Main.storyboard; sourceTree = "<group>"; };
		C7653CA0229C809C00777D13 /* Info.plist */ = {isa = PBXFileReference; lastKnownFileType = text.plist.xml; path = Info.plist; sourceTree = "<group>"; };
		C7653CA1229C809C00777D13 /* ZKProofOfConcept.entitlements */ = {isa = PBXFileReference; lastKnownFileType = text.plist.entitlements; path = ZKProofOfConcept.entitlements; sourceTree = "<group>"; };
		C7653CA6229C809D00777D13 /* ZKProofOfConceptTests.xctest */ = {isa = PBXFileReference; explicitFileType = wrapper.cfbundle; includeInIndex = 0; path = ZKProofOfConceptTests.xctest; sourceTree = BUILT_PRODUCTS_DIR; };
		C7653CAA229C809D00777D13 /* ZKProofOfConceptTests.swift */ = {isa = PBXFileReference; lastKnownFileType = sourcecode.swift; path = ZKProofOfConceptTests.swift; sourceTree = "<group>"; };
		C7653CAC229C809D00777D13 /* Info.plist */ = {isa = PBXFileReference; lastKnownFileType = text.plist.xml; path = Info.plist; sourceTree = "<group>"; };
		C7653CB9229C8D6000777D13 /* SHA256.swift */ = {isa = PBXFileReference; lastKnownFileType = sourcecode.swift; path = SHA256.swift; sourceTree = "<group>"; };
		C7653CBB229CA0DD00777D13 /* Block.swift */ = {isa = PBXFileReference; lastKnownFileType = sourcecode.swift; path = Block.swift; sourceTree = "<group>"; };
		C7653CBE229CA10E00777D13 /* Typealias.swift */ = {isa = PBXFileReference; lastKnownFileType = sourcecode.swift; path = Typealias.swift; sourceTree = "<group>"; };
		C7653CC0229CA1CA00777D13 /* ZKProofOfConcept-Bridging-Header.h */ = {isa = PBXFileReference; lastKnownFileType = sourcecode.c.h; path = "ZKProofOfConcept-Bridging-Header.h"; sourceTree = "<group>"; };
		C7653CC3229CB86900777D13 /* Pedersen.swift */ = {isa = PBXFileReference; lastKnownFileType = sourcecode.swift; path = Pedersen.swift; sourceTree = "<group>"; };
		C7653CC5229DDD3D00777D13 /* Merkletree.swift */ = {isa = PBXFileReference; lastKnownFileType = sourcecode.swift; path = Merkletree.swift; sourceTree = "<group>"; };
		C7653CC7229DEFB800777D13 /* Sha256Tests.swift */ = {isa = PBXFileReference; lastKnownFileType = sourcecode.swift; path = Sha256Tests.swift; sourceTree = "<group>"; };
		C7653CC9229DEFD500777D13 /* KeyTests.swift */ = {isa = PBXFileReference; lastKnownFileType = sourcecode.swift; path = KeyTests.swift; sourceTree = "<group>"; };
		C7653CCC229DF09E00777D13 /* Data.swift */ = {isa = PBXFileReference; lastKnownFileType = sourcecode.swift; path = Data.swift; sourceTree = "<group>"; };
		C7653CCE229DF0BA00777D13 /* Uint64.swift */ = {isa = PBXFileReference; lastKnownFileType = sourcecode.swift; path = Uint64.swift; sourceTree = "<group>"; };
		C7653CD2229DF0DB00777D13 /* String.swift */ = {isa = PBXFileReference; lastKnownFileType = sourcecode.swift; path = String.swift; sourceTree = "<group>"; };
		C7653CD5229DF30B00777D13 /* MerkletreeTests.swift */ = {isa = PBXFileReference; lastKnownFileType = sourcecode.swift; path = MerkletreeTests.swift; sourceTree = "<group>"; };
		C7653CD8229F2A2900777D13 /* Entry.swift */ = {isa = PBXFileReference; lastKnownFileType = sourcecode.swift; path = Entry.swift; sourceTree = "<group>"; };
		C7653CDB229F2A3B00777D13 /* Transaction.swift */ = {isa = PBXFileReference; lastKnownFileType = sourcecode.swift; path = Transaction.swift; sourceTree = "<group>"; };
		C7653CDD229F2A6800777D13 /* Predicate.swift */ = {isa = PBXFileReference; lastKnownFileType = sourcecode.swift; path = Predicate.swift; sourceTree = "<group>"; };
		C7653CDF229F5C3600777D13 /* ZKError.swift */ = {isa = PBXFileReference; lastKnownFileType = sourcecode.swift; path = ZKError.swift; sourceTree = "<group>"; };
		C7653CE1229F6BD700777D13 /* Transaction+validation.swift */ = {isa = PBXFileReference; lastKnownFileType = sourcecode.swift; path = "Transaction+validation.swift"; sourceTree = "<group>"; };
		C7653CE3229F6DB300777D13 /* ZKProof.swift */ = {isa = PBXFileReference; lastKnownFileType = sourcecode.swift; path = ZKProof.swift; sourceTree = "<group>"; };
/* End PBXFileReference section */

/* Begin PBXFrameworksBuildPhase section */
		C7653C91229C809900777D13 /* Frameworks */ = {
			isa = PBXFrameworksBuildPhase;
			buildActionMask = 2147483647;
			files = (
			);
			runOnlyForDeploymentPostprocessing = 0;
		};
		C7653CA3229C809D00777D13 /* Frameworks */ = {
			isa = PBXFrameworksBuildPhase;
			buildActionMask = 2147483647;
			files = (
			);
			runOnlyForDeploymentPostprocessing = 0;
		};
/* End PBXFrameworksBuildPhase section */

/* Begin PBXGroup section */
		C70033E722A9B72700811E29 /* Account */ = {
			isa = PBXGroup;
			children = (
			);
			path = Account;
			sourceTree = "<group>";
		};
		C7653C8B229C809900777D13 = {
			isa = PBXGroup;
			children = (
				C7653CB5229C8CE000777D13 /* Blockchain */,
				C7653C96229C809900777D13 /* ZKProofOfConcept */,
				C7653CA9229C809D00777D13 /* ZKProofOfConceptTests */,
				C7653C95229C809900777D13 /* Products */,
			);
			sourceTree = "<group>";
		};
		C7653C95229C809900777D13 /* Products */ = {
			isa = PBXGroup;
			children = (
				C7653C94229C809900777D13 /* ZKProofOfConcept.app */,
				C7653CA6229C809D00777D13 /* ZKProofOfConceptTests.xctest */,
			);
			name = Products;
			sourceTree = "<group>";
		};
		C7653C96229C809900777D13 /* ZKProofOfConcept */ = {
			isa = PBXGroup;
			children = (
				C7653C97229C809900777D13 /* AppDelegate.swift */,
				C7653C99229C809900777D13 /* ViewController.swift */,
				C7653C9B229C809C00777D13 /* Assets.xcassets */,
				C7653C9D229C809C00777D13 /* Main.storyboard */,
				C7653CA0229C809C00777D13 /* Info.plist */,
				C7653CA1229C809C00777D13 /* ZKProofOfConcept.entitlements */,
			);
			path = ZKProofOfConcept;
			sourceTree = "<group>";
		};
		C7653CA9229C809D00777D13 /* ZKProofOfConceptTests */ = {
			isa = PBXGroup;
			children = (
				C7653CAA229C809D00777D13 /* ZKProofOfConceptTests.swift */,
				C705D4E022AA4260003C0EAD /* BlockTests.swift */,
				C705D4E222AA426E003C0EAD /* TransactionTests.swift */,
				C7653CC7229DEFB800777D13 /* Sha256Tests.swift */,
				C7653CD5229DF30B00777D13 /* MerkletreeTests.swift */,
				C7653CC9229DEFD500777D13 /* KeyTests.swift */,
				C70033F422AA3EDF00811E29 /* ConvenienceFunctions.swift */,
				C7653CAC229C809D00777D13 /* Info.plist */,
			);
			path = ZKProofOfConceptTests;
			sourceTree = "<group>";
		};
		C7653CB5229C8CE000777D13 /* Blockchain */ = {
			isa = PBXGroup;
			children = (
				C70033E722A9B72700811E29 /* Account */,
				C7653CD7229F2A1700777D13 /* Chain */,
				C7653CBD229CA0F700777D13 /* Utils */,
				C7653CB8229C8D4F00777D13 /* Crypto */,
			);
			path = Blockchain;
			sourceTree = "<group>";
		};
		C7653CB8229C8D4F00777D13 /* Crypto */ = {
			isa = PBXGroup;
			children = (
				C7653CB9229C8D6000777D13 /* SHA256.swift */,
				C7653CC3229CB86900777D13 /* Pedersen.swift */,
				C7653CC5229DDD3D00777D13 /* Merkletree.swift */,
				C7653CE3229F6DB300777D13 /* ZKProof.swift */,
				C70033EE22A9DBA600811E29 /* Key.swift */,
			);
			path = Crypto;
			sourceTree = "<group>";
		};
		C7653CBD229CA0F700777D13 /* Utils */ = {
			isa = PBXGroup;
			children = (
				C7653CBE229CA10E00777D13 /* Typealias.swift */,
				C7653CCC229DF09E00777D13 /* Data.swift */,
				C7653CCE229DF0BA00777D13 /* Uint64.swift */,
				C7653CD2229DF0DB00777D13 /* String.swift */,
				C7653CC0229CA1CA00777D13 /* ZKProofOfConcept-Bridging-Header.h */,
				C7653CDF229F5C3600777D13 /* ZKError.swift */,
			);
			path = Utils;
			sourceTree = "<group>";
		};
		C7653CD7229F2A1700777D13 /* Chain */ = {
			isa = PBXGroup;
			children = (
				C7653CBB229CA0DD00777D13 /* Block.swift */,
				C70033F222AA360D00811E29 /* Block+Validation.swift */,
				C70033DF22A8E3B000811E29 /* BlockData.swift */,
				C70033F022A9EBAB00811E29 /* BlockData+Query.swift */,
				C7653CD8229F2A2900777D13 /* Entry.swift */,
				C70033EA22A9CF9B00811E29 /* Recipient.swift */,
				C7653CDB229F2A3B00777D13 /* Transaction.swift */,
				C7653CE1229F6BD700777D13 /* Transaction+validation.swift */,
				C70033EC22A9D53E00811E29 /* TransactionProof.swift */,
				C7653CDD229F2A6800777D13 /* Predicate.swift */,
				C70033E322A9B1F200811E29 /* Contract.swift */,
				C70033E522A9B21500811E29 /* ContractMetadata.swift */,
			);
			path = Chain;
			sourceTree = "<group>";
		};
/* End PBXGroup section */

/* Begin PBXNativeTarget section */
		C7653C93229C809900777D13 /* ZKProofOfConcept */ = {
			isa = PBXNativeTarget;
			buildConfigurationList = C7653CAF229C809D00777D13 /* Build configuration list for PBXNativeTarget "ZKProofOfConcept" */;
			buildPhases = (
				C7653C90229C809900777D13 /* Sources */,
				C7653C91229C809900777D13 /* Frameworks */,
				C7653C92229C809900777D13 /* Resources */,
			);
			buildRules = (
			);
			dependencies = (
			);
			name = ZKProofOfConcept;
			productName = ZKProofOfConcept;
			productReference = C7653C94229C809900777D13 /* ZKProofOfConcept.app */;
			productType = "com.apple.product-type.application";
		};
		C7653CA5229C809D00777D13 /* ZKProofOfConceptTests */ = {
			isa = PBXNativeTarget;
			buildConfigurationList = C7653CB2229C809D00777D13 /* Build configuration list for PBXNativeTarget "ZKProofOfConceptTests" */;
			buildPhases = (
				C7653CA2229C809D00777D13 /* Sources */,
				C7653CA3229C809D00777D13 /* Frameworks */,
				C7653CA4229C809D00777D13 /* Resources */,
			);
			buildRules = (
			);
			dependencies = (
				C7653CA8229C809D00777D13 /* PBXTargetDependency */,
			);
			name = ZKProofOfConceptTests;
			productName = ZKProofOfConceptTests;
			productReference = C7653CA6229C809D00777D13 /* ZKProofOfConceptTests.xctest */;
			productType = "com.apple.product-type.bundle.unit-test";
		};
/* End PBXNativeTarget section */

/* Begin PBXProject section */
		C7653C8C229C809900777D13 /* Project object */ = {
			isa = PBXProject;
			attributes = {
				LastSwiftUpdateCheck = 1010;
				LastUpgradeCheck = 1010;
				ORGANIZATIONNAME = "A Puzzle A Day";
				TargetAttributes = {
					C7653C93229C809900777D13 = {
						CreatedOnToolsVersion = 10.1;
						LastSwiftMigration = 1010;
						SystemCapabilities = {
							com.apple.Keychain = {
								enabled = 1;
							};
						};
					};
					C7653CA5229C809D00777D13 = {
						CreatedOnToolsVersion = 10.1;
						TestTargetID = C7653C93229C809900777D13;
					};
				};
			};
			buildConfigurationList = C7653C8F229C809900777D13 /* Build configuration list for PBXProject "ZKProofOfConcept" */;
			compatibilityVersion = "Xcode 9.3";
			developmentRegion = en;
			hasScannedForEncodings = 0;
			knownRegions = (
				en,
				Base,
			);
			mainGroup = C7653C8B229C809900777D13;
			productRefGroup = C7653C95229C809900777D13 /* Products */;
			projectDirPath = "";
			projectRoot = "";
			targets = (
				C7653C93229C809900777D13 /* ZKProofOfConcept */,
				C7653CA5229C809D00777D13 /* ZKProofOfConceptTests */,
			);
		};
/* End PBXProject section */

/* Begin PBXResourcesBuildPhase section */
		C7653C92229C809900777D13 /* Resources */ = {
			isa = PBXResourcesBuildPhase;
			buildActionMask = 2147483647;
			files = (
				C7653C9C229C809C00777D13 /* Assets.xcassets in Resources */,
				C7653C9F229C809C00777D13 /* Main.storyboard in Resources */,
			);
			runOnlyForDeploymentPostprocessing = 0;
		};
		C7653CA4229C809D00777D13 /* Resources */ = {
			isa = PBXResourcesBuildPhase;
			buildActionMask = 2147483647;
			files = (
			);
			runOnlyForDeploymentPostprocessing = 0;
		};
/* End PBXResourcesBuildPhase section */

/* Begin PBXSourcesBuildPhase section */
		C7653C90229C809900777D13 /* Sources */ = {
			isa = PBXSourcesBuildPhase;
			buildActionMask = 2147483647;
			files = (
				C7653CC6229DDD3D00777D13 /* Merkletree.swift in Sources */,
				C7653CDE229F2A6800777D13 /* Predicate.swift in Sources */,
				C70033F322AA360D00811E29 /* Block+Validation.swift in Sources */,
				C7653CD1229DF0CA00777D13 /* Uint64.swift in Sources */,
				C7653CE4229F6DB300777D13 /* ZKProof.swift in Sources */,
				C7653CE0229F5C3600777D13 /* ZKError.swift in Sources */,
				C70033EB22A9CF9B00811E29 /* Recipient.swift in Sources */,
				C70033E622A9B21500811E29 /* ContractMetadata.swift in Sources */,
				C7653CD4229DF0FB00777D13 /* String.swift in Sources */,
				C7653C9A229C809900777D13 /* ViewController.swift in Sources */,
				C70033E822A9BD9F00811E29 /* Transaction.swift in Sources */,
				C70033E422A9B1F200811E29 /* Contract.swift in Sources */,
				C7653CBC229CA0DD00777D13 /* Block.swift in Sources */,
				C70033ED22A9D53E00811E29 /* TransactionProof.swift in Sources */,
				C70033EF22A9DBA600811E29 /* Key.swift in Sources */,
				C7653C98229C809900777D13 /* AppDelegate.swift in Sources */,
				C70033E022A8E3B000811E29 /* BlockData.swift in Sources */,
				C7653CDA229F2A2B00777D13 /* Entry.swift in Sources */,
				C7653CBA229C8D6000777D13 /* SHA256.swift in Sources */,
				C7653CBF229CA10E00777D13 /* Typealias.swift in Sources */,
				C70033E922A9BDA100811E29 /* Transaction+validation.swift in Sources */,
				C70033F122A9EBAB00811E29 /* BlockData+Query.swift in Sources */,
				C7653CC4229CB86900777D13 /* Pedersen.swift in Sources */,
				C7653CD0229DF0C800777D13 /* Data.swift in Sources */,
			);
			runOnlyForDeploymentPostprocessing = 0;
		};
		C7653CA2229C809D00777D13 /* Sources */ = {
			isa = PBXSourcesBuildPhase;
			buildActionMask = 2147483647;
			files = (
				C7653CC8229DEFB800777D13 /* Sha256Tests.swift in Sources */,
				C70033F622AA3F2200811E29 /* KeyTests.swift in Sources */,
				C7653CAB229C809D00777D13 /* ZKProofOfConceptTests.swift in Sources */,
				C705D4E322AA426E003C0EAD /* TransactionTests.swift in Sources */,
				C7653CD6229DF30B00777D13 /* MerkletreeTests.swift in Sources */,
				C70033F522AA3EDF00811E29 /* ConvenienceFunctions.swift in Sources */,
			);
			runOnlyForDeploymentPostprocessing = 0;
		};
/* End PBXSourcesBuildPhase section */

/* Begin PBXTargetDependency section */
		C7653CA8229C809D00777D13 /* PBXTargetDependency */ = {
			isa = PBXTargetDependency;
			target = C7653C93229C809900777D13 /* ZKProofOfConcept */;
			targetProxy = C7653CA7229C809D00777D13 /* PBXContainerItemProxy */;
		};
/* End PBXTargetDependency section */

/* Begin PBXVariantGroup section */
		C7653C9D229C809C00777D13 /* Main.storyboard */ = {
			isa = PBXVariantGroup;
			children = (
				C7653C9E229C809C00777D13 /* Base */,
			);
			name = Main.storyboard;
			sourceTree = "<group>";
		};
/* End PBXVariantGroup section */

/* Begin XCBuildConfiguration section */
		C7653CAD229C809D00777D13 /* Debug */ = {
			isa = XCBuildConfiguration;
			buildSettings = {
				ALWAYS_SEARCH_USER_PATHS = NO;
				CLANG_ANALYZER_NONNULL = YES;
				CLANG_ANALYZER_NUMBER_OBJECT_CONVERSION = YES_AGGRESSIVE;
				CLANG_CXX_LANGUAGE_STANDARD = "gnu++14";
				CLANG_CXX_LIBRARY = "libc++";
				CLANG_ENABLE_MODULES = YES;
				CLANG_ENABLE_OBJC_ARC = YES;
				CLANG_ENABLE_OBJC_WEAK = YES;
				CLANG_WARN_BLOCK_CAPTURE_AUTORELEASING = YES;
				CLANG_WARN_BOOL_CONVERSION = YES;
				CLANG_WARN_COMMA = YES;
				CLANG_WARN_CONSTANT_CONVERSION = YES;
				CLANG_WARN_DEPRECATED_OBJC_IMPLEMENTATIONS = YES;
				CLANG_WARN_DIRECT_OBJC_ISA_USAGE = YES_ERROR;
				CLANG_WARN_DOCUMENTATION_COMMENTS = YES;
				CLANG_WARN_EMPTY_BODY = YES;
				CLANG_WARN_ENUM_CONVERSION = YES;
				CLANG_WARN_INFINITE_RECURSION = YES;
				CLANG_WARN_INT_CONVERSION = YES;
				CLANG_WARN_NON_LITERAL_NULL_CONVERSION = YES;
				CLANG_WARN_OBJC_IMPLICIT_RETAIN_SELF = YES;
				CLANG_WARN_OBJC_LITERAL_CONVERSION = YES;
				CLANG_WARN_OBJC_ROOT_CLASS = YES_ERROR;
				CLANG_WARN_RANGE_LOOP_ANALYSIS = YES;
				CLANG_WARN_STRICT_PROTOTYPES = YES;
				CLANG_WARN_SUSPICIOUS_MOVE = YES;
				CLANG_WARN_UNGUARDED_AVAILABILITY = YES_AGGRESSIVE;
				CLANG_WARN_UNREACHABLE_CODE = YES;
				CLANG_WARN__DUPLICATE_METHOD_MATCH = YES;
				CODE_SIGN_IDENTITY = "Mac Developer";
				COPY_PHASE_STRIP = NO;
				DEBUG_INFORMATION_FORMAT = dwarf;
				ENABLE_STRICT_OBJC_MSGSEND = YES;
				ENABLE_TESTABILITY = YES;
				GCC_C_LANGUAGE_STANDARD = gnu11;
				GCC_DYNAMIC_NO_PIC = NO;
				GCC_NO_COMMON_BLOCKS = YES;
				GCC_OPTIMIZATION_LEVEL = 0;
				GCC_PREPROCESSOR_DEFINITIONS = (
					"DEBUG=1",
					"$(inherited)",
				);
				GCC_WARN_64_TO_32_BIT_CONVERSION = YES;
				GCC_WARN_ABOUT_RETURN_TYPE = YES_ERROR;
				GCC_WARN_UNDECLARED_SELECTOR = YES;
				GCC_WARN_UNINITIALIZED_AUTOS = YES_AGGRESSIVE;
				GCC_WARN_UNUSED_FUNCTION = YES;
				GCC_WARN_UNUSED_VARIABLE = YES;
				MACOSX_DEPLOYMENT_TARGET = 10.13;
				MTL_ENABLE_DEBUG_INFO = INCLUDE_SOURCE;
				MTL_FAST_MATH = YES;
				ONLY_ACTIVE_ARCH = YES;
				SDKROOT = macosx;
				SWIFT_ACTIVE_COMPILATION_CONDITIONS = DEBUG;
				SWIFT_OPTIMIZATION_LEVEL = "-Onone";
			};
			name = Debug;
		};
		C7653CAE229C809D00777D13 /* Release */ = {
			isa = XCBuildConfiguration;
			buildSettings = {
				ALWAYS_SEARCH_USER_PATHS = NO;
				CLANG_ANALYZER_NONNULL = YES;
				CLANG_ANALYZER_NUMBER_OBJECT_CONVERSION = YES_AGGRESSIVE;
				CLANG_CXX_LANGUAGE_STANDARD = "gnu++14";
				CLANG_CXX_LIBRARY = "libc++";
				CLANG_ENABLE_MODULES = YES;
				CLANG_ENABLE_OBJC_ARC = YES;
				CLANG_ENABLE_OBJC_WEAK = YES;
				CLANG_WARN_BLOCK_CAPTURE_AUTORELEASING = YES;
				CLANG_WARN_BOOL_CONVERSION = YES;
				CLANG_WARN_COMMA = YES;
				CLANG_WARN_CONSTANT_CONVERSION = YES;
				CLANG_WARN_DEPRECATED_OBJC_IMPLEMENTATIONS = YES;
				CLANG_WARN_DIRECT_OBJC_ISA_USAGE = YES_ERROR;
				CLANG_WARN_DOCUMENTATION_COMMENTS = YES;
				CLANG_WARN_EMPTY_BODY = YES;
				CLANG_WARN_ENUM_CONVERSION = YES;
				CLANG_WARN_INFINITE_RECURSION = YES;
				CLANG_WARN_INT_CONVERSION = YES;
				CLANG_WARN_NON_LITERAL_NULL_CONVERSION = YES;
				CLANG_WARN_OBJC_IMPLICIT_RETAIN_SELF = YES;
				CLANG_WARN_OBJC_LITERAL_CONVERSION = YES;
				CLANG_WARN_OBJC_ROOT_CLASS = YES_ERROR;
				CLANG_WARN_RANGE_LOOP_ANALYSIS = YES;
				CLANG_WARN_STRICT_PROTOTYPES = YES;
				CLANG_WARN_SUSPICIOUS_MOVE = YES;
				CLANG_WARN_UNGUARDED_AVAILABILITY = YES_AGGRESSIVE;
				CLANG_WARN_UNREACHABLE_CODE = YES;
				CLANG_WARN__DUPLICATE_METHOD_MATCH = YES;
				CODE_SIGN_IDENTITY = "Mac Developer";
				COPY_PHASE_STRIP = NO;
				DEBUG_INFORMATION_FORMAT = "dwarf-with-dsym";
				ENABLE_NS_ASSERTIONS = NO;
				ENABLE_STRICT_OBJC_MSGSEND = YES;
				GCC_C_LANGUAGE_STANDARD = gnu11;
				GCC_NO_COMMON_BLOCKS = YES;
				GCC_WARN_64_TO_32_BIT_CONVERSION = YES;
				GCC_WARN_ABOUT_RETURN_TYPE = YES_ERROR;
				GCC_WARN_UNDECLARED_SELECTOR = YES;
				GCC_WARN_UNINITIALIZED_AUTOS = YES_AGGRESSIVE;
				GCC_WARN_UNUSED_FUNCTION = YES;
				GCC_WARN_UNUSED_VARIABLE = YES;
				MACOSX_DEPLOYMENT_TARGET = 10.13;
				MTL_ENABLE_DEBUG_INFO = NO;
				MTL_FAST_MATH = YES;
				SDKROOT = macosx;
				SWIFT_COMPILATION_MODE = wholemodule;
				SWIFT_OPTIMIZATION_LEVEL = "-O";
			};
			name = Release;
		};
		C7653CB0229C809D00777D13 /* Debug */ = {
			isa = XCBuildConfiguration;
			buildSettings = {
				ASSETCATALOG_COMPILER_APPICON_NAME = AppIcon;
				CLANG_ENABLE_MODULES = YES;
				CODE_SIGN_ENTITLEMENTS = ZKProofOfConcept/ZKProofOfConcept.entitlements;
				CODE_SIGN_STYLE = Automatic;
				COMBINE_HIDPI_IMAGES = YES;
				DEVELOPMENT_TEAM = QS2K96ZEMY;
				INFOPLIST_FILE = ZKProofOfConcept/Info.plist;
				LD_RUNPATH_SEARCH_PATHS = (
					"$(inherited)",
					"@executable_path/../Frameworks",
				);
				PRODUCT_BUNDLE_IDENTIFIER = app.composite.ZKProofOfConcept;
				PRODUCT_NAME = "$(TARGET_NAME)";
				SWIFT_OBJC_BRIDGING_HEADER = "Blockchain/Utils/ZKProofOfConcept-Bridging-Header.h";
				SWIFT_OPTIMIZATION_LEVEL = "-Onone";
				SWIFT_VERSION = 4.2;
			};
			name = Debug;
		};
		C7653CB1229C809D00777D13 /* Release */ = {
			isa = XCBuildConfiguration;
			buildSettings = {
				ASSETCATALOG_COMPILER_APPICON_NAME = AppIcon;
				CLANG_ENABLE_MODULES = YES;
				CODE_SIGN_ENTITLEMENTS = ZKProofOfConcept/ZKProofOfConcept.entitlements;
				CODE_SIGN_STYLE = Automatic;
				COMBINE_HIDPI_IMAGES = YES;
				DEVELOPMENT_TEAM = QS2K96ZEMY;
				INFOPLIST_FILE = ZKProofOfConcept/Info.plist;
				LD_RUNPATH_SEARCH_PATHS = (
					"$(inherited)",
					"@executable_path/../Frameworks",
				);
				PRODUCT_BUNDLE_IDENTIFIER = app.composite.ZKProofOfConcept;
				PRODUCT_NAME = "$(TARGET_NAME)";
				SWIFT_OBJC_BRIDGING_HEADER = "Blockchain/Utils/ZKProofOfConcept-Bridging-Header.h";
				SWIFT_VERSION = 4.2;
			};
			name = Release;
		};
		C7653CB3229C809D00777D13 /* Debug */ = {
			isa = XCBuildConfiguration;
			buildSettings = {
				ALWAYS_EMBED_SWIFT_STANDARD_LIBRARIES = YES;
				BUNDLE_LOADER = "$(TEST_HOST)";
				CODE_SIGN_STYLE = Automatic;
				COMBINE_HIDPI_IMAGES = YES;
				DEVELOPMENT_TEAM = QS2K96ZEMY;
				INFOPLIST_FILE = ZKProofOfConceptTests/Info.plist;
				LD_RUNPATH_SEARCH_PATHS = (
					"$(inherited)",
					"@executable_path/../Frameworks",
					"@loader_path/../Frameworks",
				);
				PRODUCT_BUNDLE_IDENTIFIER = app.composite.ZKProofOfConceptTests;
				PRODUCT_NAME = "$(TARGET_NAME)";
				SWIFT_VERSION = 4.2;
				TEST_HOST = "$(BUILT_PRODUCTS_DIR)/ZKProofOfConcept.app/Contents/MacOS/ZKProofOfConcept";
			};
			name = Debug;
		};
		C7653CB4229C809D00777D13 /* Release */ = {
			isa = XCBuildConfiguration;
			buildSettings = {
				ALWAYS_EMBED_SWIFT_STANDARD_LIBRARIES = YES;
				BUNDLE_LOADER = "$(TEST_HOST)";
				CODE_SIGN_STYLE = Automatic;
				COMBINE_HIDPI_IMAGES = YES;
				DEVELOPMENT_TEAM = QS2K96ZEMY;
				INFOPLIST_FILE = ZKProofOfConceptTests/Info.plist;
				LD_RUNPATH_SEARCH_PATHS = (
					"$(inherited)",
					"@executable_path/../Frameworks",
					"@loader_path/../Frameworks",
				);
				PRODUCT_BUNDLE_IDENTIFIER = app.composite.ZKProofOfConceptTests;
				PRODUCT_NAME = "$(TARGET_NAME)";
				SWIFT_VERSION = 4.2;
				TEST_HOST = "$(BUILT_PRODUCTS_DIR)/ZKProofOfConcept.app/Contents/MacOS/ZKProofOfConcept";
			};
			name = Release;
		};
/* End XCBuildConfiguration section */

/* Begin XCConfigurationList section */
		C7653C8F229C809900777D13 /* Build configuration list for PBXProject "ZKProofOfConcept" */ = {
			isa = XCConfigurationList;
			buildConfigurations = (
				C7653CAD229C809D00777D13 /* Debug */,
				C7653CAE229C809D00777D13 /* Release */,
			);
			defaultConfigurationIsVisible = 0;
			defaultConfigurationName = Release;
		};
		C7653CAF229C809D00777D13 /* Build configuration list for PBXNativeTarget "ZKProofOfConcept" */ = {
			isa = XCConfigurationList;
			buildConfigurations = (
				C7653CB0229C809D00777D13 /* Debug */,
				C7653CB1229C809D00777D13 /* Release */,
			);
			defaultConfigurationIsVisible = 0;
			defaultConfigurationName = Release;
		};
		C7653CB2229C809D00777D13 /* Build configuration list for PBXNativeTarget "ZKProofOfConceptTests" */ = {
			isa = XCConfigurationList;
			buildConfigurations = (
				C7653CB3229C809D00777D13 /* Debug */,
				C7653CB4229C809D00777D13 /* Release */,
			);
			defaultConfigurationIsVisible = 0;
			defaultConfigurationName = Release;
		};
/* End XCConfigurationList section */
	};
	rootObject = C7653C8C229C809900777D13 /* Project object */;
}
