// !$*UTF8*$!
{
	archiveVersion = 1;
	classes = {
	};
	objectVersion = 50;
	objects = {

/* Begin PBXBuildFile section */
		C7653C98229C809900777D13 /* AppDelegate.swift in Sources */ = {isa = PBXBuildFile; fileRef = C7653C97229C809900777D13 /* AppDelegate.swift */; };
		C7653C9A229C809900777D13 /* ViewController.swift in Sources */ = {isa = PBXBuildFile; fileRef = C7653C99229C809900777D13 /* ViewController.swift */; };
		C7653C9C229C809C00777D13 /* Assets.xcassets in Resources */ = {isa = PBXBuildFile; fileRef = C7653C9B229C809C00777D13 /* Assets.xcassets */; };
		C7653C9F229C809C00777D13 /* Main.storyboard in Resources */ = {isa = PBXBuildFile; fileRef = C7653C9D229C809C00777D13 /* Main.storyboard */; };
		C7653CAB229C809D00777D13 /* ZKProofOfConceptTests.swift in Sources */ = {isa = PBXBuildFile; fileRef = C7653CAA229C809D00777D13 /* ZKProofOfConceptTests.swift */; };
/* End PBXBuildFile section */

/* Begin PBXContainerItemProxy section */
		C7653CA7229C809D00777D13 /* PBXContainerItemProxy */ = {
			isa = PBXContainerItemProxy;
			containerPortal = C7653C8C229C809900777D13 /* Project object */;
			proxyType = 1;
			remoteGlobalIDString = C7653C93229C809900777D13;
			remoteInfo = ZKProofOfConcept;
		};
/* End PBXContainerItemProxy section */

/* Begin PBXFileReference section */
		C7653C94229C809900777D13 /* ZKProofOfConcept.app */ = {isa = PBXFileReference; explicitFileType = wrapper.application; includeInIndex = 0; path = ZKProofOfConcept.app; sourceTree = BUILT_PRODUCTS_DIR; };
		C7653C97229C809900777D13 /* AppDelegate.swift */ = {isa = PBXFileReference; lastKnownFileType = sourcecode.swift; path = AppDelegate.swift; sourceTree = "<group>"; };
		C7653C99229C809900777D13 /* ViewController.swift */ = {isa = PBXFileReference; lastKnownFileType = sourcecode.swift; path = ViewController.swift; sourceTree = "<group>"; };
		C7653C9B229C809C00777D13 /* Assets.xcassets */ = {isa = PBXFileReference; lastKnownFileType = folder.assetcatalog; path = Assets.xcassets; sourceTree = "<group>"; };
		C7653C9E229C809C00777D13 /* Base */ = {isa = PBXFileReference; lastKnownFileType = file.storyboard; name = Base; path = Base.lproj/Main.storyboard; sourceTree = "<group>"; };
		C7653CA0229C809C00777D13 /* Info.plist */ = {isa = PBXFileReference; lastKnownFileType = text.plist.xml; path = Info.plist; sourceTree = "<group>"; };
		C7653CA1229C809C00777D13 /* ZKProofOfConcept.entitlements */ = {isa = PBXFileReference; lastKnownFileType = text.plist.entitlements; path = ZKProofOfConcept.entitlements; sourceTree = "<group>"; };
		C7653CA6229C809D00777D13 /* ZKProofOfConceptTests.xctest */ = {isa = PBXFileReference; explicitFileType = wrapper.cfbundle; includeInIndex = 0; path = ZKProofOfConceptTests.xctest; sourceTree = BUILT_PRODUCTS_DIR; };
		C7653CAA229C809D00777D13 /* ZKProofOfConceptTests.swift */ = {isa = PBXFileReference; lastKnownFileType = sourcecode.swift; path = ZKProofOfConceptTests.swift; sourceTree = "<group>"; };
		C7653CAC229C809D00777D13 /* Info.plist */ = {isa = PBXFileReference; lastKnownFileType = text.plist.xml; path = Info.plist; sourceTree = "<group>"; };
/* End PBXFileReference section */

/* Begin PBXFrameworksBuildPhase section */
		C7653C91229C809900777D13 /* Frameworks */ = {
			isa = PBXFrameworksBuildPhase;
			buildActionMask = 2147483647;
			files = (
			);
			runOnlyForDeploymentPostprocessing = 0;
		};
		C7653CA3229C809D00777D13 /* Frameworks */ = {
			isa = PBXFrameworksBuildPhase;
			buildActionMask = 2147483647;
			files = (
			);
			runOnlyForDeploymentPostprocessing = 0;
		};
/* End PBXFrameworksBuildPhase section */

/* Begin PBXGroup section */
		C7653C8B229C809900777D13 = {
			isa = PBXGroup;
			children = (
				C7653C96229C809900777D13 /* ZKProofOfConcept */,
				C7653CA9229C809D00777D13 /* ZKProofOfConceptTests */,
				C7653C95229C809900777D13 /* Products */,
			);
			sourceTree = "<group>";
		};
		C7653C95229C809900777D13 /* Products */ = {
			isa = PBXGroup;
			children = (
				C7653C94229C809900777D13 /* ZKProofOfConcept.app */,
				C7653CA6229C809D00777D13 /* ZKProofOfConceptTests.xctest */,
			);
			name = Products;
			sourceTree = "<group>";
		};
		C7653C96229C809900777D13 /* ZKProofOfConcept */ = {
			isa = PBXGroup;
			children = (
				C7653C97229C809900777D13 /* AppDelegate.swift */,
				C7653C99229C809900777D13 /* ViewController.swift */,
				C7653C9B229C809C00777D13 /* Assets.xcassets */,
				C7653C9D229C809C00777D13 /* Main.storyboard */,
				C7653CA0229C809C00777D13 /* Info.plist */,
				C7653CA1229C809C00777D13 /* ZKProofOfConcept.entitlements */,
			);
			path = ZKProofOfConcept;
			sourceTree = "<group>";
		};
		C7653CA9229C809D00777D13 /* ZKProofOfConceptTests */ = {
			isa = PBXGroup;
			children = (
				C7653CAA229C809D00777D13 /* ZKProofOfConceptTests.swift */,
				C7653CAC229C809D00777D13 /* Info.plist */,
			);
			path = ZKProofOfConceptTests;
			sourceTree = "<group>";
		};
/* End PBXGroup section */

/* Begin PBXNativeTarget section */
		C7653C93229C809900777D13 /* ZKProofOfConcept */ = {
			isa = PBXNativeTarget;
			buildConfigurationList = C7653CAF229C809D00777D13 /* Build configuration list for PBXNativeTarget "ZKProofOfConcept" */;
			buildPhases = (
				C7653C90229C809900777D13 /* Sources */,
				C7653C91229C809900777D13 /* Frameworks */,
				C7653C92229C809900777D13 /* Resources */,
			);
			buildRules = (
			);
			dependencies = (
			);
			name = ZKProofOfConcept;
			productName = ZKProofOfConcept;
			productReference = C7653C94229C809900777D13 /* ZKProofOfConcept.app */;
			productType = "com.apple.product-type.application";
		};
		C7653CA5229C809D00777D13 /* ZKProofOfConceptTests */ = {
			isa = PBXNativeTarget;
			buildConfigurationList = C7653CB2229C809D00777D13 /* Build configuration list for PBXNativeTarget "ZKProofOfConceptTests" */;
			buildPhases = (
				C7653CA2229C809D00777D13 /* Sources */,
				C7653CA3229C809D00777D13 /* Frameworks */,
				C7653CA4229C809D00777D13 /* Resources */,
			);
			buildRules = (
			);
			dependencies = (
				C7653CA8229C809D00777D13 /* PBXTargetDependency */,
			);
			name = ZKProofOfConceptTests;
			productName = ZKProofOfConceptTests;
			productReference = C7653CA6229C809D00777D13 /* ZKProofOfConceptTests.xctest */;
			productType = "com.apple.product-type.bundle.unit-test";
		};
/* End PBXNativeTarget section */

/* Begin PBXProject section */
		C7653C8C229C809900777D13 /* Project object */ = {
			isa = PBXProject;
			attributes = {
				LastSwiftUpdateCheck = 1010;
				LastUpgradeCheck = 1010;
				ORGANIZATIONNAME = "A Puzzle A Day";
				TargetAttributes = {
					C7653C93229C809900777D13 = {
						CreatedOnToolsVersion = 10.1;
					};
					C7653CA5229C809D00777D13 = {
						CreatedOnToolsVersion = 10.1;
						TestTargetID = C7653C93229C809900777D13;
					};
				};
			};
			buildConfigurationList = C7653C8F229C809900777D13 /* Build configuration list for PBXProject "ZKProofOfConcept" */;
			compatibilityVersion = "Xcode 9.3";
			developmentRegion = en;
			hasScannedForEncodings = 0;
			knownRegions = (
				en,
				Base,
			);
			mainGroup = C7653C8B229C809900777D13;
			productRefGroup = C7653C95229C809900777D13 /* Products */;
			projectDirPath = "";
			projectRoot = "";
			targets = (
				C7653C93229C809900777D13 /* ZKProofOfConcept */,
				C7653CA5229C809D00777D13 /* ZKProofOfConceptTests */,
			);
		};
/* End PBXProject section */

/* Begin PBXResourcesBuildPhase section */
		C7653C92229C809900777D13 /* Resources */ = {
			isa = PBXResourcesBuildPhase;
			buildActionMask = 2147483647;
			files = (
				C7653C9C229C809C00777D13 /* Assets.xcassets in Resources */,
				C7653C9F229C809C00777D13 /* Main.storyboard in Resources */,
			);
			runOnlyForDeploymentPostprocessing = 0;
		};
		C7653CA4229C809D00777D13 /* Resources */ = {
			isa = PBXResourcesBuildPhase;
			buildActionMask = 2147483647;
			files = (
			);
			runOnlyForDeploymentPostprocessing = 0;
		};
/* End PBXResourcesBuildPhase section */

/* Begin PBXSourcesBuildPhase section */
		C7653C90229C809900777D13 /* Sources */ = {
			isa = PBXSourcesBuildPhase;
			buildActionMask = 2147483647;
			files = (
				C7653C9A229C809900777D13 /* ViewController.swift in Sources */,
				C7653C98229C809900777D13 /* AppDelegate.swift in Sources */,
			);
			runOnlyForDeploymentPostprocessing = 0;
		};
		C7653CA2229C809D00777D13 /* Sources */ = {
			isa = PBXSourcesBuildPhase;
			buildActionMask = 2147483647;
			files = (
				C7653CAB229C809D00777D13 /* ZKProofOfConceptTests.swift in Sources */,
			);
			runOnlyForDeploymentPostprocessing = 0;
		};
/* End PBXSourcesBuildPhase section */

/* Begin PBXTargetDependency section */
		C7653CA8229C809D00777D13 /* PBXTargetDependency */ = {
			isa = PBXTargetDependency;
			target = C7653C93229C809900777D13 /* ZKProofOfConcept */;
			targetProxy = C7653CA7229C809D00777D13 /* PBXContainerItemProxy */;
		};
/* End PBXTargetDependency section */

/* Begin PBXVariantGroup section */
		C7653C9D229C809C00777D13 /* Main.storyboard */ = {
			isa = PBXVariantGroup;
			children = (
				C7653C9E229C809C00777D13 /* Base */,
			);
			name = Main.storyboard;
			sourceTree = "<group>";
		};
/* End PBXVariantGroup section */

/* Begin XCBuildConfiguration section */
		C7653CAD229C809D00777D13 /* Debug */ = {
			isa = XCBuildConfiguration;
			buildSettings = {
				ALWAYS_SEARCH_USER_PATHS = NO;
				CLANG_ANALYZER_NONNULL = YES;
				CLANG_ANALYZER_NUMBER_OBJECT_CONVERSION = YES_AGGRESSIVE;
				CLANG_CXX_LANGUAGE_STANDARD = "gnu++14";
				CLANG_CXX_LIBRARY = "libc++";
				CLANG_ENABLE_MODULES = YES;
				CLANG_ENABLE_OBJC_ARC = YES;
				CLANG_ENABLE_OBJC_WEAK = YES;
				CLANG_WARN_BLOCK_CAPTURE_AUTORELEASING = YES;
				CLANG_WARN_BOOL_CONVERSION = YES;
				CLANG_WARN_COMMA = YES;
				CLANG_WARN_CONSTANT_CONVERSION = YES;
				CLANG_WARN_DEPRECATED_OBJC_IMPLEMENTATIONS = YES;
				CLANG_WARN_DIRECT_OBJC_ISA_USAGE = YES_ERROR;
				CLANG_WARN_DOCUMENTATION_COMMENTS = YES;
				CLANG_WARN_EMPTY_BODY = YES;
				CLANG_WARN_ENUM_CONVERSION = YES;
				CLANG_WARN_INFINITE_RECURSION = YES;
				CLANG_WARN_INT_CONVERSION = YES;
				CLANG_WARN_NON_LITERAL_NULL_CONVERSION = YES;
				CLANG_WARN_OBJC_IMPLICIT_RETAIN_SELF = YES;
				CLANG_WARN_OBJC_LITERAL_CONVERSION = YES;
				CLANG_WARN_OBJC_ROOT_CLASS = YES_ERROR;
				CLANG_WARN_RANGE_LOOP_ANALYSIS = YES;
				CLANG_WARN_STRICT_PROTOTYPES = YES;
				CLANG_WARN_SUSPICIOUS_MOVE = YES;
				CLANG_WARN_UNGUARDED_AVAILABILITY = YES_AGGRESSIVE;
				CLANG_WARN_UNREACHABLE_CODE = YES;
				CLANG_WARN__DUPLICATE_METHOD_MATCH = YES;
				CODE_SIGN_IDENTITY = "Mac Developer";
				COPY_PHASE_STRIP = NO;
				DEBUG_INFORMATION_FORMAT = dwarf;
				ENABLE_STRICT_OBJC_MSGSEND = YES;
				ENABLE_TESTABILITY = YES;
				GCC_C_LANGUAGE_STANDARD = gnu11;
				GCC_DYNAMIC_NO_PIC = NO;
				GCC_NO_COMMON_BLOCKS = YES;
				GCC_OPTIMIZATION_LEVEL = 0;
				GCC_PREPROCESSOR_DEFINITIONS = (
					"DEBUG=1",
					"$(inherited)",
				);
				GCC_WARN_64_TO_32_BIT_CONVERSION = YES;
				GCC_WARN_ABOUT_RETURN_TYPE = YES_ERROR;
				GCC_WARN_UNDECLARED_SELECTOR = YES;
				GCC_WARN_UNINITIALIZED_AUTOS = YES_AGGRESSIVE;
				GCC_WARN_UNUSED_FUNCTION = YES;
				GCC_WARN_UNUSED_VARIABLE = YES;
				MACOSX_DEPLOYMENT_TARGET = 10.13;
				MTL_ENABLE_DEBUG_INFO = INCLUDE_SOURCE;
				MTL_FAST_MATH = YES;
				ONLY_ACTIVE_ARCH = YES;
				SDKROOT = macosx;
				SWIFT_ACTIVE_COMPILATION_CONDITIONS = DEBUG;
				SWIFT_OPTIMIZATION_LEVEL = "-Onone";
			};
			name = Debug;
		};
		C7653CAE229C809D00777D13 /* Release */ = {
			isa = XCBuildConfiguration;
			buildSettings = {
				ALWAYS_SEARCH_USER_PATHS = NO;
				CLANG_ANALYZER_NONNULL = YES;
				CLANG_ANALYZER_NUMBER_OBJECT_CONVERSION = YES_AGGRESSIVE;
				CLANG_CXX_LANGUAGE_STANDARD = "gnu++14";
				CLANG_CXX_LIBRARY = "libc++";
				CLANG_ENABLE_MODULES = YES;
				CLANG_ENABLE_OBJC_ARC = YES;
				CLANG_ENABLE_OBJC_WEAK = YES;
				CLANG_WARN_BLOCK_CAPTURE_AUTORELEASING = YES;
				CLANG_WARN_BOOL_CONVERSION = YES;
				CLANG_WARN_COMMA = YES;
				CLANG_WARN_CONSTANT_CONVERSION = YES;
				CLANG_WARN_DEPRECATED_OBJC_IMPLEMENTATIONS = YES;
				CLANG_WARN_DIRECT_OBJC_ISA_USAGE = YES_ERROR;
				CLANG_WARN_DOCUMENTATION_COMMENTS = YES;
				CLANG_WARN_EMPTY_BODY = YES;
				CLANG_WARN_ENUM_CONVERSION = YES;
				CLANG_WARN_INFINITE_RECURSION = YES;
				CLANG_WARN_INT_CONVERSION = YES;
				CLANG_WARN_NON_LITERAL_NULL_CONVERSION = YES;
				CLANG_WARN_OBJC_IMPLICIT_RETAIN_SELF = YES;
				CLANG_WARN_OBJC_LITERAL_CONVERSION = YES;
				CLANG_WARN_OBJC_ROOT_CLASS = YES_ERROR;
				CLANG_WARN_RANGE_LOOP_ANALYSIS = YES;
				CLANG_WARN_STRICT_PROTOTYPES = YES;
				CLANG_WARN_SUSPICIOUS_MOVE = YES;
				CLANG_WARN_UNGUARDED_AVAILABILITY = YES_AGGRESSIVE;
				CLANG_WARN_UNREACHABLE_CODE = YES;
				CLANG_WARN__DUPLICATE_METHOD_MATCH = YES;
				CODE_SIGN_IDENTITY = "Mac Developer";
				COPY_PHASE_STRIP = NO;
				DEBUG_INFORMATION_FORMAT = "dwarf-with-dsym";
				ENABLE_NS_ASSERTIONS = NO;
				ENABLE_STRICT_OBJC_MSGSEND = YES;
				GCC_C_LANGUAGE_STANDARD = gnu11;
				GCC_NO_COMMON_BLOCKS = YES;
				GCC_WARN_64_TO_32_BIT_CONVERSION = YES;
				GCC_WARN_ABOUT_RETURN_TYPE = YES_ERROR;
				GCC_WARN_UNDECLARED_SELECTOR = YES;
				GCC_WARN_UNINITIALIZED_AUTOS = YES_AGGRESSIVE;
				GCC_WARN_UNUSED_FUNCTION = YES;
				GCC_WARN_UNUSED_VARIABLE = YES;
				MACOSX_DEPLOYMENT_TARGET = 10.13;
				MTL_ENABLE_DEBUG_INFO = NO;
				MTL_FAST_MATH = YES;
				SDKROOT = macosx;
				SWIFT_COMPILATION_MODE = wholemodule;
				SWIFT_OPTIMIZATION_LEVEL = "-O";
			};
			name = Release;
		};
		C7653CB0229C809D00777D13 /* Debug */ = {
			isa = XCBuildConfiguration;
			buildSettings = {
				ASSETCATALOG_COMPILER_APPICON_NAME = AppIcon;
				CODE_SIGN_ENTITLEMENTS = ZKProofOfConcept/ZKProofOfConcept.entitlements;
				CODE_SIGN_STYLE = Automatic;
				COMBINE_HIDPI_IMAGES = YES;
				DEVELOPMENT_TEAM = QS2K96ZEMY;
				INFOPLIST_FILE = ZKProofOfConcept/Info.plist;
				LD_RUNPATH_SEARCH_PATHS = (
					"$(inherited)",
					"@executable_path/../Frameworks",
				);
				PRODUCT_BUNDLE_IDENTIFIER = app.composite.ZKProofOfConcept;
				PRODUCT_NAME = "$(TARGET_NAME)";
				SWIFT_VERSION = 4.2;
			};
			name = Debug;
		};
		C7653CB1229C809D00777D13 /* Release */ = {
			isa = XCBuildConfiguration;
			buildSettings = {
				ASSETCATALOG_COMPILER_APPICON_NAME = AppIcon;
				CODE_SIGN_ENTITLEMENTS = ZKProofOfConcept/ZKProofOfConcept.entitlements;
				CODE_SIGN_STYLE = Automatic;
				COMBINE_HIDPI_IMAGES = YES;
				DEVELOPMENT_TEAM = QS2K96ZEMY;
				INFOPLIST_FILE = ZKProofOfConcept/Info.plist;
				LD_RUNPATH_SEARCH_PATHS = (
					"$(inherited)",
					"@executable_path/../Frameworks",
				);
				PRODUCT_BUNDLE_IDENTIFIER = app.composite.ZKProofOfConcept;
				PRODUCT_NAME = "$(TARGET_NAME)";
				SWIFT_VERSION = 4.2;
			};
			name = Release;
		};
		C7653CB3229C809D00777D13 /* Debug */ = {
			isa = XCBuildConfiguration;
			buildSettings = {
				ALWAYS_EMBED_SWIFT_STANDARD_LIBRARIES = YES;
				BUNDLE_LOADER = "$(TEST_HOST)";
				CODE_SIGN_STYLE = Automatic;
				COMBINE_HIDPI_IMAGES = YES;
				DEVELOPMENT_TEAM = QS2K96ZEMY;
				INFOPLIST_FILE = ZKProofOfConceptTests/Info.plist;
				LD_RUNPATH_SEARCH_PATHS = (
					"$(inherited)",
					"@executable_path/../Frameworks",
					"@loader_path/../Frameworks",
				);
				PRODUCT_BUNDLE_IDENTIFIER = app.composite.ZKProofOfConceptTests;
				PRODUCT_NAME = "$(TARGET_NAME)";
				SWIFT_VERSION = 4.2;
				TEST_HOST = "$(BUILT_PRODUCTS_DIR)/ZKProofOfConcept.app/Contents/MacOS/ZKProofOfConcept";
			};
			name = Debug;
		};
		C7653CB4229C809D00777D13 /* Release */ = {
			isa = XCBuildConfiguration;
			buildSettings = {
				ALWAYS_EMBED_SWIFT_STANDARD_LIBRARIES = YES;
				BUNDLE_LOADER = "$(TEST_HOST)";
				CODE_SIGN_STYLE = Automatic;
				COMBINE_HIDPI_IMAGES = YES;
				DEVELOPMENT_TEAM = QS2K96ZEMY;
				INFOPLIST_FILE = ZKProofOfConceptTests/Info.plist;
				LD_RUNPATH_SEARCH_PATHS = (
					"$(inherited)",
					"@executable_path/../Frameworks",
					"@loader_path/../Frameworks",
				);
				PRODUCT_BUNDLE_IDENTIFIER = app.composite.ZKProofOfConceptTests;
				PRODUCT_NAME = "$(TARGET_NAME)";
				SWIFT_VERSION = 4.2;
				TEST_HOST = "$(BUILT_PRODUCTS_DIR)/ZKProofOfConcept.app/Contents/MacOS/ZKProofOfConcept";
			};
			name = Release;
		};
/* End XCBuildConfiguration section */

/* Begin XCConfigurationList section */
		C7653C8F229C809900777D13 /* Build configuration list for PBXProject "ZKProofOfConcept" */ = {
			isa = XCConfigurationList;
			buildConfigurations = (
				C7653CAD229C809D00777D13 /* Debug */,
				C7653CAE229C809D00777D13 /* Release */,
			);
			defaultConfigurationIsVisible = 0;
			defaultConfigurationName = Release;
		};
		C7653CAF229C809D00777D13 /* Build configuration list for PBXNativeTarget "ZKProofOfConcept" */ = {
			isa = XCConfigurationList;
			buildConfigurations = (
				C7653CB0229C809D00777D13 /* Debug */,
				C7653CB1229C809D00777D13 /* Release */,
			);
			defaultConfigurationIsVisible = 0;
			defaultConfigurationName = Release;
		};
		C7653CB2229C809D00777D13 /* Build configuration list for PBXNativeTarget "ZKProofOfConceptTests" */ = {
			isa = XCConfigurationList;
			buildConfigurations = (
				C7653CB3229C809D00777D13 /* Debug */,
				C7653CB4229C809D00777D13 /* Release */,
			);
			defaultConfigurationIsVisible = 0;
			defaultConfigurationName = Release;
		};
/* End XCConfigurationList section */
	};
	rootObject = C7653C8C229C809900777D13 /* Project object */;
}
